
Microsoft Visual Studio Solution File, Format Version 12.00
# Visual Studio Version 16
VisualStudioVersion = 16.0.32802.440
MinimumVisualStudioVersion = 10.0.40219.1
Project("{9A19103F-16F7-4668-BE54-9A1E7A4F7556}") = "astoriaTrainingAPI”", "astoriaTrainingAPI”\astoriaTrainingAPI”.csproj", "{1049DDB6-4EC3-47A4-9FF1-091F1F575FE6}"
EndProject
Project("{FAE04EC0-301F-11D3-BF4B-00C04F79EFBC}") = "astoriaTraining8UnitTesting", "astoriaTraining8UnitTesting\astoriaTraining8UnitTesting.csproj", "{035A3654-4A57-45E5-BDC3-7AFC7EEDDB8C}"
EndProject
Global
	GlobalSection(SolutionConfigurationPlatforms) = preSolution
		Debug|Any CPU = Debug|Any CPU
		Release|Any CPU = Release|Any CPU
	EndGlobalSection
	GlobalSection(ProjectConfigurationPlatforms) = postSolution
		{1049DDB6-4EC3-47A4-9FF1-091F1F575FE6}.Debug|Any CPU.ActiveCfg = Debug|Any CPU
		{1049DDB6-4EC3-47A4-9FF1-091F1F575FE6}.Debug|Any CPU.Build.0 = Debug|Any CPU
		{1049DDB6-4EC3-47A4-9FF1-091F1F575FE6}.Release|Any CPU.ActiveCfg = Release|Any CPU
		{1049DDB6-4EC3-47A4-9FF1-091F1F575FE6}.Release|Any CPU.Build.0 = Release|Any CPU
		{035A3654-4A57-45E5-BDC3-7AFC7EEDDB8C}.Debug|Any CPU.ActiveCfg = Debug|Any CPU
		{035A3654-4A57-45E5-BDC3-7AFC7EEDDB8C}.Debug|Any CPU.Build.0 = Debug|Any CPU
		{035A3654-4A57-45E5-BDC3-7AFC7EEDDB8C}.Release|Any CPU.ActiveCfg = Release|Any CPU
		{035A3654-4A57-45E5-BDC3-7AFC7EEDDB8C}.Release|Any CPU.Build.0 = Release|Any CPU
	EndGlobalSection
	GlobalSection(SolutionProperties) = preSolution
		HideSolutionNode = FALSE
	EndGlobalSection
	GlobalSection(ExtensibilityGlobals) = postSolution
		SolutionGuid = {15A625B2-FBF0-47FF-A966-D03CA32C6F81}
	EndGlobalSection
EndGlobal
